// !$*UTF8*$!
{
	archiveVersion = 1;
	classes = {
	};
	objectVersion = 46;
	objects = {

/* Begin PBXBuildFile section */
		3F25F9B52432F2CA00109D12 /* testView.m in Sources */ = {isa = PBXBuildFile; fileRef = 3F25F9B42432F2CA00109D12 /* testView.m */; };
		48D016331B8C00F3003BBEB6 /* main.m in Sources */ = {isa = PBXBuildFile; fileRef = 48D016321B8C00F3003BBEB6 /* main.m */; };
		48D016361B8C00F3003BBEB6 /* AppDelegate.m in Sources */ = {isa = PBXBuildFile; fileRef = 48D016351B8C00F3003BBEB6 /* AppDelegate.m */; };
		48D016391B8C00F3003BBEB6 /* ViewController.m in Sources */ = {isa = PBXBuildFile; fileRef = 48D016381B8C00F3003BBEB6 /* ViewController.m */; };
		48D0163C1B8C00F3003BBEB6 /* Main.storyboard in Resources */ = {isa = PBXBuildFile; fileRef = 48D0163A1B8C00F3003BBEB6 /* Main.storyboard */; };
		48D0163E1B8C00F3003BBEB6 /* Images.xcassets in Resources */ = {isa = PBXBuildFile; fileRef = 48D0163D1B8C00F3003BBEB6 /* Images.xcassets */; };
		48D016411B8C00F4003BBEB6 /* LaunchScreen.xib in Resources */ = {isa = PBXBuildFile; fileRef = 48D0163F1B8C00F4003BBEB6 /* LaunchScreen.xib */; };
		48D0164D1B8C00F4003BBEB6 /* navgationTests.m in Sources */ = {isa = PBXBuildFile; fileRef = 48D0164C1B8C00F4003BBEB6 /* navgationTests.m */; };
/* End PBXBuildFile section */

/* Begin PBXContainerItemProxy section */
		48D016471B8C00F4003BBEB6 /* PBXContainerItemProxy */ = {
			isa = PBXContainerItemProxy;
			containerPortal = 48D016251B8C00F3003BBEB6 /* Project object */;
			proxyType = 1;
			remoteGlobalIDString = 48D0162C1B8C00F3003BBEB6;
			remoteInfo = navgation;
		};
/* End PBXContainerItemProxy section */

/* Begin PBXFileReference section */
		3F25F9B32432F2CA00109D12 /* testView.h */ = {isa = PBXFileReference; lastKnownFileType = sourcecode.c.h; path = testView.h; sourceTree = "<group>"; };
		3F25F9B42432F2CA00109D12 /* testView.m */ = {isa = PBXFileReference; lastKnownFileType = sourcecode.c.objc; path = testView.m; sourceTree = "<group>"; };
		48D0162D1B8C00F3003BBEB6 /* navgation.app */ = {isa = PBXFileReference; explicitFileType = wrapper.application; includeInIndex = 0; path = navgation.app; sourceTree = BUILT_PRODUCTS_DIR; };
		48D016311B8C00F3003BBEB6 /* Info.plist */ = {isa = PBXFileReference; lastKnownFileType = text.plist.xml; path = Info.plist; sourceTree = "<group>"; };
		48D016321B8C00F3003BBEB6 /* main.m */ = {isa = PBXFileReference; lastKnownFileType = sourcecode.c.objc; path = main.m; sourceTree = "<group>"; };
		48D016341B8C00F3003BBEB6 /* AppDelegate.h */ = {isa = PBXFileReference; lastKnownFileType = sourcecode.c.h; path = AppDelegate.h; sourceTree = "<group>"; };
		48D016351B8C00F3003BBEB6 /* AppDelegate.m */ = {isa = PBXFileReference; lastKnownFileType = sourcecode.c.objc; path = AppDelegate.m; sourceTree = "<group>"; };
		48D016371B8C00F3003BBEB6 /* ViewController.h */ = {isa = PBXFileReference; lastKnownFileType = sourcecode.c.h; path = ViewController.h; sourceTree = "<group>"; };
		48D016381B8C00F3003BBEB6 /* ViewController.m */ = {isa = PBXFileReference; lastKnownFileType = sourcecode.c.objc; path = ViewController.m; sourceTree = "<group>"; };
		48D0163B1B8C00F3003BBEB6 /* Base */ = {isa = PBXFileReference; lastKnownFileType = file.storyboard; name = Base; path = Base.lproj/Main.storyboard; sourceTree = "<group>"; };
		48D0163D1B8C00F3003BBEB6 /* Images.xcassets */ = {isa = PBXFileReference; lastKnownFileType = folder.assetcatalog; path = Images.xcassets; sourceTree = "<group>"; };
		48D016401B8C00F4003BBEB6 /* Base */ = {isa = PBXFileReference; lastKnownFileType = file.xib; name = Base; path = Base.lproj/LaunchScreen.xib; sourceTree = "<group>"; };
		48D016461B8C00F4003BBEB6 /* navgationTests.xctest */ = {isa = PBXFileReference; explicitFileType = wrapper.cfbundle; includeInIndex = 0; path = navgationTests.xctest; sourceTree = BUILT_PRODUCTS_DIR; };
		48D0164B1B8C00F4003BBEB6 /* Info.plist */ = {isa = PBXFileReference; lastKnownFileType = text.plist.xml; path = Info.plist; sourceTree = "<group>"; };
		48D0164C1B8C00F4003BBEB6 /* navgationTests.m */ = {isa = PBXFileReference; lastKnownFileType = sourcecode.c.objc; path = navgationTests.m; sourceTree = "<group>"; };
/* End PBXFileReference section */

/* Begin PBXFrameworksBuildPhase section */
		48D0162A1B8C00F3003BBEB6 /* Frameworks */ = {
			isa = PBXFrameworksBuildPhase;
			buildActionMask = 2147483647;
			files = (
			);
			runOnlyForDeploymentPostprocessing = 0;
		};
		48D016431B8C00F4003BBEB6 /* Frameworks */ = {
			isa = PBXFrameworksBuildPhase;
			buildActionMask = 2147483647;
			files = (
			);
			runOnlyForDeploymentPostprocessing = 0;
		};
/* End PBXFrameworksBuildPhase section */

/* Begin PBXGroup section */
		48D016241B8C00F3003BBEB6 = {
			isa = PBXGroup;
			children = (
				48D0162F1B8C00F3003BBEB6 /* navgation */,
				48D016491B8C00F4003BBEB6 /* navgationTests */,
				48D0162E1B8C00F3003BBEB6 /* Products */,
			);
			sourceTree = "<group>";
		};
		48D0162E1B8C00F3003BBEB6 /* Products */ = {
			isa = PBXGroup;
			children = (
				48D0162D1B8C00F3003BBEB6 /* navgation.app */,
				48D016461B8C00F4003BBEB6 /* navgationTests.xctest */,
			);
			name = Products;
			sourceTree = "<group>";
		};
		48D0162F1B8C00F3003BBEB6 /* navgation */ = {
			isa = PBXGroup;
			children = (
				48D016341B8C00F3003BBEB6 /* AppDelegate.h */,
				48D016351B8C00F3003BBEB6 /* AppDelegate.m */,
				48D016371B8C00F3003BBEB6 /* ViewController.h */,
				48D016381B8C00F3003BBEB6 /* ViewController.m */,
				3F25F9B32432F2CA00109D12 /* testView.h */,
				3F25F9B42432F2CA00109D12 /* testView.m */,
				48D0163A1B8C00F3003BBEB6 /* Main.storyboard */,
				48D0163D1B8C00F3003BBEB6 /* Images.xcassets */,
				48D0163F1B8C00F4003BBEB6 /* LaunchScreen.xib */,
				48D016301B8C00F3003BBEB6 /* Supporting Files */,
			);
			path = navgation;
			sourceTree = "<group>";
		};
		48D016301B8C00F3003BBEB6 /* Supporting Files */ = {
			isa = PBXGroup;
			children = (
				48D016311B8C00F3003BBEB6 /* Info.plist */,
				48D016321B8C00F3003BBEB6 /* main.m */,
			);
			name = "Supporting Files";
			sourceTree = "<group>";
		};
		48D016491B8C00F4003BBEB6 /* navgationTests */ = {
			isa = PBXGroup;
			children = (
				48D0164C1B8C00F4003BBEB6 /* navgationTests.m */,
				48D0164A1B8C00F4003BBEB6 /* Supporting Files */,
			);
			path = navgationTests;
			sourceTree = "<group>";
		};
		48D0164A1B8C00F4003BBEB6 /* Supporting Files */ = {
			isa = PBXGroup;
			children = (
				48D0164B1B8C00F4003BBEB6 /* Info.plist */,
			);
			name = "Supporting Files";
			sourceTree = "<group>";
		};
/* End PBXGroup section */

/* Begin PBXNativeTarget section */
		48D0162C1B8C00F3003BBEB6 /* navgation */ = {
			isa = PBXNativeTarget;
			buildConfigurationList = 48D016501B8C00F4003BBEB6 /* Build configuration list for PBXNativeTarget "navgation" */;
			buildPhases = (
				48D016291B8C00F3003BBEB6 /* Sources */,
				48D0162A1B8C00F3003BBEB6 /* Frameworks */,
				48D0162B1B8C00F3003BBEB6 /* Resources */,
			);
			buildRules = (
			);
			dependencies = (
			);
			name = navgation;
			productName = navgation;
			productReference = 48D0162D1B8C00F3003BBEB6 /* navgation.app */;
			productType = "com.apple.product-type.application";
		};
		48D016451B8C00F4003BBEB6 /* navgationTests */ = {
			isa = PBXNativeTarget;
			buildConfigurationList = 48D016531B8C00F4003BBEB6 /* Build configuration list for PBXNativeTarget "navgationTests" */;
			buildPhases = (
				48D016421B8C00F4003BBEB6 /* Sources */,
				48D016431B8C00F4003BBEB6 /* Frameworks */,
				48D016441B8C00F4003BBEB6 /* Resources */,
			);
			buildRules = (
			);
			dependencies = (
				48D016481B8C00F4003BBEB6 /* PBXTargetDependency */,
			);
			name = navgationTests;
			productName = navgationTests;
			productReference = 48D016461B8C00F4003BBEB6 /* navgationTests.xctest */;
			productType = "com.apple.product-type.bundle.unit-test";
		};
/* End PBXNativeTarget section */

/* Begin PBXProject section */
		48D016251B8C00F3003BBEB6 /* Project object */ = {
			isa = PBXProject;
			attributes = {
				LastUpgradeCheck = 0640;
				ORGANIZATIONNAME = yilinghou;
				TargetAttributes = {
					48D0162C1B8C00F3003BBEB6 = {
						CreatedOnToolsVersion = 6.4;
					};
					48D016451B8C00F4003BBEB6 = {
						CreatedOnToolsVersion = 6.4;
						TestTargetID = 48D0162C1B8C00F3003BBEB6;
					};
				};
			};
			buildConfigurationList = 48D016281B8C00F3003BBEB6 /* Build configuration list for PBXProject "navgation" */;
			compatibilityVersion = "Xcode 3.2";
			developmentRegion = English;
			hasScannedForEncodings = 0;
			knownRegions = (
				English,
				en,
				Base,
			);
			mainGroup = 48D016241B8C00F3003BBEB6;
			productRefGroup = 48D0162E1B8C00F3003BBEB6 /* Products */;
			projectDirPath = "";
			projectRoot = "";
			targets = (
				48D0162C1B8C00F3003BBEB6 /* navgation */,
				48D016451B8C00F4003BBEB6 /* navgationTests */,
			);
		};
/* End PBXProject section */

/* Begin PBXResourcesBuildPhase section */
		48D0162B1B8C00F3003BBEB6 /* Resources */ = {
			isa = PBXResourcesBuildPhase;
			buildActionMask = 2147483647;
			files = (
				48D0163C1B8C00F3003BBEB6 /* Main.storyboard in Resources */,
				48D016411B8C00F4003BBEB6 /* LaunchScreen.xib in Resources */,
				48D0163E1B8C00F3003BBEB6 /* Images.xcassets in Resources */,
			);
			runOnlyForDeploymentPostprocessing = 0;
		};
		48D016441B8C00F4003BBEB6 /* Resources */ = {
			isa = PBXResourcesBuildPhase;
			buildActionMask = 2147483647;
			files = (
			);
			runOnlyForDeploymentPostprocessing = 0;
		};
/* End PBXResourcesBuildPhase section */

/* Begin PBXSourcesBuildPhase section */
		48D016291B8C00F3003BBEB6 /* Sources */ = {
			isa = PBXSourcesBuildPhase;
			buildActionMask = 2147483647;
			files = (
				3F25F9B52432F2CA00109D12 /* testView.m in Sources */,
				48D016391B8C00F3003BBEB6 /* ViewController.m in Sources */,
				48D016361B8C00F3003BBEB6 /* AppDelegate.m in Sources */,
				48D016331B8C00F3003BBEB6 /* main.m in Sources */,
			);
			runOnlyForDeploymentPostprocessing = 0;
		};
		48D016421B8C00F4003BBEB6 /* Sources */ = {
			isa = PBXSourcesBuildPhase;
			buildActionMask = 2147483647;
			files = (
				48D0164D1B8C00F4003BBEB6 /* navgationTests.m in Sources */,
			);
			runOnlyForDeploymentPostprocessing = 0;
		};
/* End PBXSourcesBuildPhase section */

/* Begin PBXTargetDependency section */
		48D016481B8C00F4003BBEB6 /* PBXTargetDependency */ = {
			isa = PBXTargetDependency;
			target = 48D0162C1B8C00F3003BBEB6 /* navgation */;
			targetProxy = 48D016471B8C00F4003BBEB6 /* PBXContainerItemProxy */;
		};
/* End PBXTargetDependency section */

/* Begin PBXVariantGroup section */
		48D0163A1B8C00F3003BBEB6 /* Main.storyboard */ = {
			isa = PBXVariantGroup;
			children = (
				48D0163B1B8C00F3003BBEB6 /* Base */,
			);
			name = Main.storyboard;
			sourceTree = "<group>";
		};
		48D0163F1B8C00F4003BBEB6 /* LaunchScreen.xib */ = {
			isa = PBXVariantGroup;
			children = (
				48D016401B8C00F4003BBEB6 /* Base */,
			);
			name = LaunchScreen.xib;
			sourceTree = "<group>";
		};
/* End PBXVariantGroup section */

/* Begin XCBuildConfiguration section */
		48D0164E1B8C00F4003BBEB6 /* Debug */ = {
			isa = XCBuildConfiguration;
			buildSettings = {
				ALWAYS_SEARCH_USER_PATHS = NO;
				CLANG_CXX_LANGUAGE_STANDARD = "gnu++0x";
				CLANG_CXX_LIBRARY = "libc++";
				CLANG_ENABLE_MODULES = YES;
				CLANG_ENABLE_OBJC_ARC = YES;
				CLANG_WARN_BOOL_CONVERSION = YES;
				CLANG_WARN_CONSTANT_CONVERSION = YES;
				CLANG_WARN_DIRECT_OBJC_ISA_USAGE = YES_ERROR;
				CLANG_WARN_EMPTY_BODY = YES;
				CLANG_WARN_ENUM_CONVERSION = YES;
				CLANG_WARN_INT_CONVERSION = YES;
				CLANG_WARN_OBJC_ROOT_CLASS = YES_ERROR;
				CLANG_WARN_UNREACHABLE_CODE = YES;
				CLANG_WARN__DUPLICATE_METHOD_MATCH = YES;
				"CODE_SIGN_IDENTITY[sdk=iphoneos*]" = "iPhone Developer";
				COPY_PHASE_STRIP = NO;
				DEBUG_INFORMATION_FORMAT = "dwarf-with-dsym";
				ENABLE_STRICT_OBJC_MSGSEND = YES;
				GCC_C_LANGUAGE_STANDARD = gnu99;
				GCC_DYNAMIC_NO_PIC = NO;
				GCC_NO_COMMON_BLOCKS = YES;
				GCC_OPTIMIZATION_LEVEL = 0;
				GCC_PREPROCESSOR_DEFINITIONS = (
					"DEBUG=1",
					"$(inherited)",
				);
				GCC_SYMBOLS_PRIVATE_EXTERN = NO;
				GCC_WARN_64_TO_32_BIT_CONVERSION = YES;
				GCC_WARN_ABOUT_RETURN_TYPE = YES_ERROR;
				GCC_WARN_UNDECLARED_SELECTOR = YES;
				GCC_WARN_UNINITIALIZED_AUTOS = YES_AGGRESSIVE;
				GCC_WARN_UNUSED_FUNCTION = YES;
				GCC_WARN_UNUSED_VARIABLE = YES;
				IPHONEOS_DEPLOYMENT_TARGET = 8.4;
				MTL_ENABLE_DEBUG_INFO = YES;
				ONLY_ACTIVE_ARCH = YES;
				SDKROOT = iphoneos;
			};
			name = Debug;
		};
		48D0164F1B8C00F4003BBEB6 /* Release */ = {
			isa = XCBuildConfiguration;
			buildSettings = {
				ALWAYS_SEARCH_USER_PATHS = NO;
				CLANG_CXX_LANGUAGE_STANDARD = "gnu++0x";
				CLANG_CXX_LIBRARY = "libc++";
				CLANG_ENABLE_MODULES = YES;
				CLANG_ENABLE_OBJC_ARC = YES;
				CLANG_WARN_BOOL_CONVERSION = YES;
				CLANG_WARN_CONSTANT_CONVERSION = YES;
				CLANG_WARN_DIRECT_OBJC_ISA_USAGE = YES_ERROR;
				CLANG_WARN_EMPTY_BODY = YES;
				CLANG_WARN_ENUM_CONVERSION = YES;
				CLANG_WARN_INT_CONVERSION = YES;
				CLANG_WARN_OBJC_ROOT_CLASS = YES_ERROR;
				CLANG_WARN_UNREACHABLE_CODE = YES;
				CLANG_WARN__DUPLICATE_METHOD_MATCH = YES;
				"CODE_SIGN_IDENTITY[sdk=iphoneos*]" = "iPhone Developer";
				COPY_PHASE_STRIP = NO;
				DEBUG_INFORMATION_FORMAT = "dwarf-with-dsym";
				ENABLE_NS_ASSERTIONS = NO;
				ENABLE_STRICT_OBJC_MSGSEND = YES;
				GCC_C_LANGUAGE_STANDARD = gnu99;
				GCC_NO_COMMON_BLOCKS = YES;
				GCC_WARN_64_TO_32_BIT_CONVERSION = YES;
				GCC_WARN_ABOUT_RETURN_TYPE = YES_ERROR;
				GCC_WARN_UNDECLARED_SELECTOR = YES;
				GCC_WARN_UNINITIALIZED_AUTOS = YES_AGGRESSIVE;
				GCC_WARN_UNUSED_FUNCTION = YES;
				GCC_WARN_UNUSED_VARIABLE = YES;
				IPHONEOS_DEPLOYMENT_TARGET = 8.4;
				MTL_ENABLE_DEBUG_INFO = NO;
				SDKROOT = iphoneos;
				VALIDATE_PRODUCT = YES;
			};
			name = Release;
		};
		48D016511B8C00F4003BBEB6 /* Debug */ = {
			isa = XCBuildConfiguration;
			buildSettings = {
				ASSETCATALOG_COMPILER_APPICON_NAME = AppIcon;
				INFOPLIST_FILE = navgation/Info.plist;
				LD_RUNPATH_SEARCH_PATHS = "$(inherited) @executable_path/Frameworks";
				PRODUCT_NAME = "$(TARGET_NAME)";
			};
			name = Debug;
		};
		48D016521B8C00F4003BBEB6 /* Release */ = {
			isa = XCBuildConfiguration;
			buildSettings = {
				ASSETCATALOG_COMPILER_APPICON_NAME = AppIcon;
				INFOPLIST_FILE = navgation/Info.plist;
				LD_RUNPATH_SEARCH_PATHS = "$(inherited) @executable_path/Frameworks";
				PRODUCT_NAME = "$(TARGET_NAME)";
			};
			name = Release;
		};
		48D016541B8C00F4003BBEB6 /* Debug */ = {
			isa = XCBuildConfiguration;
			buildSettings = {
				BUNDLE_LOADER = "$(TEST_HOST)";
				FRAMEWORK_SEARCH_PATHS = (
					"$(SDKROOT)/Developer/Library/Frameworks",
					"$(inherited)",
				);
				GCC_PREPROCESSOR_DEFINITIONS = (
					"DEBUG=1",
					"$(inherited)",
				);
				INFOPLIST_FILE = navgationTests/Info.plist;
				LD_RUNPATH_SEARCH_PATHS = "$(inherited) @executable_path/Frameworks @loader_path/Frameworks";
				PRODUCT_NAME = "$(TARGET_NAME)";
				TEST_HOST = "$(BUILT_PRODUCTS_DIR)/navgation.app/navgation";
			};
			name = Debug;
		};
		48D016551B8C00F4003BBEB6 /* Release */ = {
			isa = XCBuildConfiguration;
			buildSettings = {
				BUNDLE_LOADER = "$(TEST_HOST)";
				FRAMEWORK_SEARCH_PATHS = (
					"$(SDKROOT)/Developer/Library/Frameworks",
					"$(inherited)",
				);
				INFOPLIST_FILE = navgationTests/Info.plist;
				LD_RUNPATH_SEARCH_PATHS = "$(inherited) @executable_path/Frameworks @loader_path/Frameworks";
				PRODUCT_NAME = "$(TARGET_NAME)";
				TEST_HOST = "$(BUILT_PRODUCTS_DIR)/navgation.app/navgation";
			};
			name = Release;
		};
/* End XCBuildConfiguration section */

/* Begin XCConfigurationList section */
		48D016281B8C00F3003BBEB6 /* Build configuration list for PBXProject "navgation" */ = {
			isa = XCConfigurationList;
			buildConfigurations = (
				48D0164E1B8C00F4003BBEB6 /* Debug */,
				48D0164F1B8C00F4003BBEB6 /* Release */,
			);
			defaultConfigurationIsVisible = 0;
			defaultConfigurationName = Release;
		};
		48D016501B8C00F4003BBEB6 /* Build configuration list for PBXNativeTarget "navgation" */ = {
			isa = XCConfigurationList;
			buildConfigurations = (
				48D016511B8C00F4003BBEB6 /* Debug */,
				48D016521B8C00F4003BBEB6 /* Release */,
			);
			defaultConfigurationIsVisible = 0;
			defaultConfigurationName = Release;
		};
		48D016531B8C00F4003BBEB6 /* Build configuration list for PBXNativeTarget "navgationTests" */ = {
			isa = XCConfigurationList;
			buildConfigurations = (
				48D016541B8C00F4003BBEB6 /* Debug */,
				48D016551B8C00F4003BBEB6 /* Release */,
			);
			defaultConfigurationIsVisible = 0;
			defaultConfigurationName = Release;
		};
/* End XCConfigurationList section */
	};
	rootObject = 48D016251B8C00F3003BBEB6 /* Project object */;
}
